// !$*UTF8*$!
{
	archiveVersion = 1;
	classes = {
	};
	objectVersion = 46;
	objects = {

/* Begin PBXBuildFile section */
		6003F598195388D20070C39A /* InfoPlist.strings in Resources */ = {isa = PBXBuildFile; fileRef = 6003F596195388D20070C39A /* InfoPlist.strings */; };
		6003F59A195388D20070C39A /* main.m in Sources */ = {isa = PBXBuildFile; fileRef = 6003F599195388D20070C39A /* main.m */; };
		6003F5A9195388D20070C39A /* Images.xcassets in Resources */ = {isa = PBXBuildFile; fileRef = 6003F5A8195388D20070C39A /* Images.xcassets */; };
		662BFD4A5E811E155F37ED24 /* Pods_MisfitLinkSDK_Example.framework in Frameworks */ = {isa = PBXBuildFile; fileRef = 3F5D84C505772E0E81DD0ACE /* Pods_MisfitLinkSDK_Example.framework */; };
		DF08869E1C29451D00EAFAD8 /* MisfitLinkSDK.framework in Frameworks */ = {isa = PBXBuildFile; fileRef = DF0886971C2903D900EAFAD8 /* MisfitLinkSDK.framework */; };
		DF76CF601C21625E001F173E /* AppDelegate.m in Sources */ = {isa = PBXBuildFile; fileRef = DF76CF541C21625E001F173E /* AppDelegate.m */; };
		DF76CF611C21625E001F173E /* GradientBackground.m in Sources */ = {isa = PBXBuildFile; fileRef = DF76CF561C21625E001F173E /* GradientBackground.m */; };
		DF76CF621C21625E001F173E /* helpicon.png in Resources */ = {isa = PBXBuildFile; fileRef = DF76CF571C21625E001F173E /* helpicon.png */; };
		DF76CF631C21625E001F173E /* LapTimer.m in Sources */ = {isa = PBXBuildFile; fileRef = DF76CF591C21625E001F173E /* LapTimer.m */; };
		DF76CF641C21625F001F173E /* LaunchScreen.storyboard in Resources */ = {isa = PBXBuildFile; fileRef = DF76CF5A1C21625E001F173E /* LaunchScreen.storyboard */; };
		DF76CF651C21625F001F173E /* MainViewController.m in Sources */ = {isa = PBXBuildFile; fileRef = DF76CF5C1C21625E001F173E /* MainViewController.m */; };
		DF76CF661C21625F001F173E /* SettingsViewController.m in Sources */ = {isa = PBXBuildFile; fileRef = DF76CF5E1C21625E001F173E /* SettingsViewController.m */; };
		DF76CF671C21625F001F173E /* Main.storyboard in Resources */ = {isa = PBXBuildFile; fileRef = DF76CF5F1C21625E001F173E /* Main.storyboard */; };
		DF76CF691C21640B001F173E /* CoreBluetooth.framework in Frameworks */ = {isa = PBXBuildFile; fileRef = DF76CF681C21640B001F173E /* CoreBluetooth.framework */; };
/* End PBXBuildFile section */

/* Begin PBXFileReference section */
		3F5D84C505772E0E81DD0ACE /* Pods_MisfitLinkSDK_Example.framework */ = {isa = PBXFileReference; explicitFileType = wrapper.framework; includeInIndex = 0; path = Pods_MisfitLinkSDK_Example.framework; sourceTree = BUILT_PRODUCTS_DIR; };
		4B193E93981A646B63F4E820 /* Pods_MisfitLinkSDK_Tests.framework */ = {isa = PBXFileReference; explicitFileType = wrapper.framework; includeInIndex = 0; path = Pods_MisfitLinkSDK_Tests.framework; sourceTree = BUILT_PRODUCTS_DIR; };
		5B55654BBAF8F26EDD442912 /* Pods-MisfitLinkSDK_Example.release.xcconfig */ = {isa = PBXFileReference; includeInIndex = 1; lastKnownFileType = text.xcconfig; name = "Pods-MisfitLinkSDK_Example.release.xcconfig"; path = "Pods/Target Support Files/Pods-MisfitLinkSDK_Example/Pods-MisfitLinkSDK_Example.release.xcconfig"; sourceTree = "<group>"; };
		5C4A899BEFA183A10699AA89 /* Pods-MisfitLinkSDK_Example.debug.xcconfig */ = {isa = PBXFileReference; includeInIndex = 1; lastKnownFileType = text.xcconfig; name = "Pods-MisfitLinkSDK_Example.debug.xcconfig"; path = "Pods/Target Support Files/Pods-MisfitLinkSDK_Example/Pods-MisfitLinkSDK_Example.debug.xcconfig"; sourceTree = "<group>"; };
		6003F58A195388D20070C39A /* MisfitLinkSDK_Example.app */ = {isa = PBXFileReference; explicitFileType = wrapper.application; includeInIndex = 0; path = MisfitLinkSDK_Example.app; sourceTree = BUILT_PRODUCTS_DIR; };
		6003F58D195388D20070C39A /* Foundation.framework */ = {isa = PBXFileReference; lastKnownFileType = wrapper.framework; name = Foundation.framework; path = System/Library/Frameworks/Foundation.framework; sourceTree = SDKROOT; };
		6003F58F195388D20070C39A /* CoreGraphics.framework */ = {isa = PBXFileReference; lastKnownFileType = wrapper.framework; name = CoreGraphics.framework; path = System/Library/Frameworks/CoreGraphics.framework; sourceTree = SDKROOT; };
		6003F591195388D20070C39A /* UIKit.framework */ = {isa = PBXFileReference; lastKnownFileType = wrapper.framework; name = UIKit.framework; path = System/Library/Frameworks/UIKit.framework; sourceTree = SDKROOT; };
		6003F595195388D20070C39A /* MisfitLinkSDK-Info.plist */ = {isa = PBXFileReference; lastKnownFileType = text.plist.xml; path = "MisfitLinkSDK-Info.plist"; sourceTree = "<group>"; };
		6003F597195388D20070C39A /* en */ = {isa = PBXFileReference; lastKnownFileType = text.plist.strings; name = en; path = en.lproj/InfoPlist.strings; sourceTree = "<group>"; };
		6003F599195388D20070C39A /* main.m */ = {isa = PBXFileReference; lastKnownFileType = sourcecode.c.objc; path = main.m; sourceTree = "<group>"; };
		6003F59B195388D20070C39A /* MisfitLinkSDK-Prefix.pch */ = {isa = PBXFileReference; lastKnownFileType = sourcecode.c.h; path = "MisfitLinkSDK-Prefix.pch"; sourceTree = "<group>"; };
		6003F5A8195388D20070C39A /* Images.xcassets */ = {isa = PBXFileReference; lastKnownFileType = folder.assetcatalog; path = Images.xcassets; sourceTree = "<group>"; };
		6003F5AF195388D20070C39A /* XCTest.framework */ = {isa = PBXFileReference; lastKnownFileType = wrapper.framework; name = XCTest.framework; path = Library/Frameworks/XCTest.framework; sourceTree = DEVELOPER_DIR; };
		6003F5B7195388D20070C39A /* Tests-Info.plist */ = {isa = PBXFileReference; lastKnownFileType = text.plist.xml; path = "Tests-Info.plist"; sourceTree = "<group>"; };
		6003F5B9195388D20070C39A /* en */ = {isa = PBXFileReference; lastKnownFileType = text.plist.strings; name = en; path = en.lproj/InfoPlist.strings; sourceTree = "<group>"; };
		6003F5BB195388D20070C39A /* Tests.m */ = {isa = PBXFileReference; lastKnownFileType = sourcecode.c.objc; path = Tests.m; sourceTree = "<group>"; };
		606FC2411953D9B200FFA9A0 /* Tests-Prefix.pch */ = {isa = PBXFileReference; lastKnownFileType = sourcecode.c.h; path = "Tests-Prefix.pch"; sourceTree = "<group>"; };
		6C52CB9101BE560FB6C74C71 /* LICENSE */ = {isa = PBXFileReference; includeInIndex = 1; lastKnownFileType = text; name = LICENSE; path = ../LICENSE; sourceTree = "<group>"; };
		860C9F48560FE20114E07106 /* MisfitLinkSDK.podspec */ = {isa = PBXFileReference; includeInIndex = 1; lastKnownFileType = text; name = MisfitLinkSDK.podspec; path = ../MisfitLinkSDK.podspec; sourceTree = "<group>"; };
		8F9EFBFB9CFB1446023310EC /* README.md */ = {isa = PBXFileReference; includeInIndex = 1; lastKnownFileType = net.daringfireball.markdown; name = README.md; path = ../README.md; sourceTree = "<group>"; };
		BBA8B76985E57B2AB5889619 /* Pods-MisfitLinkSDK_Tests.debug.xcconfig */ = {isa = PBXFileReference; includeInIndex = 1; lastKnownFileType = text.xcconfig; name = "Pods-MisfitLinkSDK_Tests.debug.xcconfig"; path = "Pods/Target Support Files/Pods-MisfitLinkSDK_Tests/Pods-MisfitLinkSDK_Tests.debug.xcconfig"; sourceTree = "<group>"; };
		BFDB8B5479B44C1003D391D9 /* Pods-MisfitLinkSDK_Tests.release.xcconfig */ = {isa = PBXFileReference; includeInIndex = 1; lastKnownFileType = text.xcconfig; name = "Pods-MisfitLinkSDK_Tests.release.xcconfig"; path = "Pods/Target Support Files/Pods-MisfitLinkSDK_Tests/Pods-MisfitLinkSDK_Tests.release.xcconfig"; sourceTree = "<group>"; };
		DF0886971C2903D900EAFAD8 /* MisfitLinkSDK.framework */ = {isa = PBXFileReference; lastKnownFileType = wrapper.framework; name = MisfitLinkSDK.framework; path = ../Pod/MisfitLinkSDK.framework; sourceTree = "<group>"; };
		DF76CF531C21625E001F173E /* AppDelegate.h */ = {isa = PBXFileReference; fileEncoding = 4; lastKnownFileType = sourcecode.c.h; path = AppDelegate.h; sourceTree = "<group>"; };
		DF76CF541C21625E001F173E /* AppDelegate.m */ = {isa = PBXFileReference; fileEncoding = 4; lastKnownFileType = sourcecode.c.objc; path = AppDelegate.m; sourceTree = "<group>"; };
		DF76CF551C21625E001F173E /* GradientBackground.h */ = {isa = PBXFileReference; fileEncoding = 4; lastKnownFileType = sourcecode.c.h; path = GradientBackground.h; sourceTree = "<group>"; };
		DF76CF561C21625E001F173E /* GradientBackground.m */ = {isa = PBXFileReference; fileEncoding = 4; lastKnownFileType = sourcecode.c.objc; path = GradientBackground.m; sourceTree = "<group>"; };
		DF76CF571C21625E001F173E /* helpicon.png */ = {isa = PBXFileReference; lastKnownFileType = image.png; path = helpicon.png; sourceTree = "<group>"; };
		DF76CF581C21625E001F173E /* LapTImer.h */ = {isa = PBXFileReference; fileEncoding = 4; lastKnownFileType = sourcecode.c.h; path = LapTImer.h; sourceTree = "<group>"; };
		DF76CF591C21625E001F173E /* LapTimer.m */ = {isa = PBXFileReference; fileEncoding = 4; lastKnownFileType = sourcecode.c.objc; path = LapTimer.m; sourceTree = "<group>"; };
		DF76CF5A1C21625E001F173E /* LaunchScreen.storyboard */ = {isa = PBXFileReference; fileEncoding = 4; lastKnownFileType = file.storyboard; path = LaunchScreen.storyboard; sourceTree = "<group>"; };
		DF76CF5B1C21625E001F173E /* MainViewController.h */ = {isa = PBXFileReference; fileEncoding = 4; lastKnownFileType = sourcecode.c.h; path = MainViewController.h; sourceTree = "<group>"; };
		DF76CF5C1C21625E001F173E /* MainViewController.m */ = {isa = PBXFileReference; fileEncoding = 4; lastKnownFileType = sourcecode.c.objc; path = MainViewController.m; sourceTree = "<group>"; };
		DF76CF5D1C21625E001F173E /* SettingsViewController.h */ = {isa = PBXFileReference; fileEncoding = 4; lastKnownFileType = sourcecode.c.h; path = SettingsViewController.h; sourceTree = "<group>"; };
		DF76CF5E1C21625E001F173E /* SettingsViewController.m */ = {isa = PBXFileReference; fileEncoding = 4; lastKnownFileType = sourcecode.c.objc; path = SettingsViewController.m; sourceTree = "<group>"; };
		DF76CF5F1C21625E001F173E /* Main.storyboard */ = {isa = PBXFileReference; fileEncoding = 4; lastKnownFileType = file.storyboard; path = Main.storyboard; sourceTree = "<group>"; };
		DF76CF681C21640B001F173E /* CoreBluetooth.framework */ = {isa = PBXFileReference; lastKnownFileType = wrapper.framework; name = CoreBluetooth.framework; path = System/Library/Frameworks/CoreBluetooth.framework; sourceTree = SDKROOT; };
/* End PBXFileReference section */

/* Begin PBXFrameworksBuildPhase section */
		6003F587195388D20070C39A /* Frameworks */ = {
			isa = PBXFrameworksBuildPhase;
			buildActionMask = 2147483647;
			files = (
				DF08869E1C29451D00EAFAD8 /* MisfitLinkSDK.framework in Frameworks */,
				DF76CF691C21640B001F173E /* CoreBluetooth.framework in Frameworks */,
				662BFD4A5E811E155F37ED24 /* Pods_MisfitLinkSDK_Example.framework in Frameworks */,
			);
			runOnlyForDeploymentPostprocessing = 0;
		};
/* End PBXFrameworksBuildPhase section */

/* Begin PBXGroup section */
		6003F581195388D10070C39A = {
			isa = PBXGroup;
			children = (
				60FF7A9C1954A5C5007DD14C /* Podspec Metadata */,
				6003F593195388D20070C39A /* Example for MisfitLinkSDK */,
				6003F5B5195388D20070C39A /* Tests */,
				6003F58C195388D20070C39A /* Frameworks */,
				6003F58B195388D20070C39A /* Products */,
				F0193D4FBEB6B72E8DBFAA73 /* Pods */,
			);
			sourceTree = "<group>";
		};
		6003F58B195388D20070C39A /* Products */ = {
			isa = PBXGroup;
			children = (
				6003F58A195388D20070C39A /* MisfitLinkSDK_Example.app */,
			);
			name = Products;
			sourceTree = "<group>";
		};
		6003F58C195388D20070C39A /* Frameworks */ = {
			isa = PBXGroup;
			children = (
				DF0886971C2903D900EAFAD8 /* MisfitLinkSDK.framework */,
				DF76CF681C21640B001F173E /* CoreBluetooth.framework */,
				6003F58D195388D20070C39A /* Foundation.framework */,
				6003F58F195388D20070C39A /* CoreGraphics.framework */,
				6003F591195388D20070C39A /* UIKit.framework */,
				6003F5AF195388D20070C39A /* XCTest.framework */,
				3F5D84C505772E0E81DD0ACE /* Pods_MisfitLinkSDK_Example.framework */,
				4B193E93981A646B63F4E820 /* Pods_MisfitLinkSDK_Tests.framework */,
			);
			name = Frameworks;
			sourceTree = "<group>";
		};
		6003F593195388D20070C39A /* Example for MisfitLinkSDK */ = {
			isa = PBXGroup;
			children = (
				DF76CF531C21625E001F173E /* AppDelegate.h */,
				DF76CF541C21625E001F173E /* AppDelegate.m */,
				DF76CF551C21625E001F173E /* GradientBackground.h */,
				DF76CF561C21625E001F173E /* GradientBackground.m */,
				DF76CF571C21625E001F173E /* helpicon.png */,
				DF76CF581C21625E001F173E /* LapTImer.h */,
				DF76CF591C21625E001F173E /* LapTimer.m */,
				DF76CF5B1C21625E001F173E /* MainViewController.h */,
				DF76CF5C1C21625E001F173E /* MainViewController.m */,
				DF76CF5D1C21625E001F173E /* SettingsViewController.h */,
				DF76CF5E1C21625E001F173E /* SettingsViewController.m */,
				DF76CF5F1C21625E001F173E /* Main.storyboard */,
				DF76CF5A1C21625E001F173E /* LaunchScreen.storyboard */,
				6003F5A8195388D20070C39A /* Images.xcassets */,
				6003F594195388D20070C39A /* Supporting Files */,
			);
			name = "Example for MisfitLinkSDK";
			path = MisfitLinkSDK;
			sourceTree = "<group>";
		};
		6003F594195388D20070C39A /* Supporting Files */ = {
			isa = PBXGroup;
			children = (
				6003F595195388D20070C39A /* MisfitLinkSDK-Info.plist */,
				6003F596195388D20070C39A /* InfoPlist.strings */,
				6003F599195388D20070C39A /* main.m */,
				6003F59B195388D20070C39A /* MisfitLinkSDK-Prefix.pch */,
			);
			name = "Supporting Files";
			sourceTree = "<group>";
		};
		6003F5B5195388D20070C39A /* Tests */ = {
			isa = PBXGroup;
			children = (
				6003F5BB195388D20070C39A /* Tests.m */,
				6003F5B6195388D20070C39A /* Supporting Files */,
			);
			path = Tests;
			sourceTree = "<group>";
		};
		6003F5B6195388D20070C39A /* Supporting Files */ = {
			isa = PBXGroup;
			children = (
				6003F5B7195388D20070C39A /* Tests-Info.plist */,
				6003F5B8195388D20070C39A /* InfoPlist.strings */,
				606FC2411953D9B200FFA9A0 /* Tests-Prefix.pch */,
			);
			name = "Supporting Files";
			sourceTree = "<group>";
		};
		60FF7A9C1954A5C5007DD14C /* Podspec Metadata */ = {
			isa = PBXGroup;
			children = (
				860C9F48560FE20114E07106 /* MisfitLinkSDK.podspec */,
				8F9EFBFB9CFB1446023310EC /* README.md */,
				6C52CB9101BE560FB6C74C71 /* LICENSE */,
			);
			name = "Podspec Metadata";
			sourceTree = "<group>";
		};
		F0193D4FBEB6B72E8DBFAA73 /* Pods */ = {
			isa = PBXGroup;
			children = (
				5C4A899BEFA183A10699AA89 /* Pods-MisfitLinkSDK_Example.debug.xcconfig */,
				5B55654BBAF8F26EDD442912 /* Pods-MisfitLinkSDK_Example.release.xcconfig */,
				BBA8B76985E57B2AB5889619 /* Pods-MisfitLinkSDK_Tests.debug.xcconfig */,
				BFDB8B5479B44C1003D391D9 /* Pods-MisfitLinkSDK_Tests.release.xcconfig */,
			);
			name = Pods;
			sourceTree = "<group>";
		};
/* End PBXGroup section */

/* Begin PBXNativeTarget section */
		6003F589195388D20070C39A /* MisfitLinkSDK_Example */ = {
			isa = PBXNativeTarget;
			buildConfigurationList = 6003F5BF195388D20070C39A /* Build configuration list for PBXNativeTarget "MisfitLinkSDK_Example" */;
			buildPhases = (
				EC0A2D58E32150EEFDD511E4 /* Check Pods Manifest.lock */,
				6003F586195388D20070C39A /* Sources */,
				6003F587195388D20070C39A /* Frameworks */,
				6003F588195388D20070C39A /* Resources */,
				EFDDF7554C3CB21CD6349CB2 /* Embed Pods Frameworks */,
				A6A9C0495F454FF66DE57FC6 /* Copy Pods Resources */,
			);
			buildRules = (
			);
			dependencies = (
			);
			name = MisfitLinkSDK_Example;
			productName = MisfitLinkSDK;
			productReference = 6003F58A195388D20070C39A /* MisfitLinkSDK_Example.app */;
			productType = "com.apple.product-type.application";
		};
/* End PBXNativeTarget section */

/* Begin PBXProject section */
		6003F582195388D10070C39A /* Project object */ = {
			isa = PBXProject;
			attributes = {
				CLASSPREFIX = MFL;
				LastUpgradeCheck = 0710;
				ORGANIZATIONNAME = "Phill Pasqual";
				TargetAttributes = {
					6003F589195388D20070C39A = {
						SystemCapabilities = {
							com.apple.BackgroundModes = {
								enabled = 1;
							};
						};
					};
				};
			};
			buildConfigurationList = 6003F585195388D10070C39A /* Build configuration list for PBXProject "MisfitLinkSDK" */;
			compatibilityVersion = "Xcode 3.2";
			developmentRegion = English;
			hasScannedForEncodings = 0;
			knownRegions = (
				en,
				Base,
			);
			mainGroup = 6003F581195388D10070C39A;
			productRefGroup = 6003F58B195388D20070C39A /* Products */;
			projectDirPath = "";
			projectRoot = "";
			targets = (
				6003F589195388D20070C39A /* MisfitLinkSDK_Example */,
			);
		};
/* End PBXProject section */

/* Begin PBXResourcesBuildPhase section */
		6003F588195388D20070C39A /* Resources */ = {
			isa = PBXResourcesBuildPhase;
			buildActionMask = 2147483647;
			files = (
				DF76CF621C21625E001F173E /* helpicon.png in Resources */,
				DF76CF671C21625F001F173E /* Main.storyboard in Resources */,
				DF76CF641C21625F001F173E /* LaunchScreen.storyboard in Resources */,
				6003F5A9195388D20070C39A /* Images.xcassets in Resources */,
				6003F598195388D20070C39A /* InfoPlist.strings in Resources */,
			);
			runOnlyForDeploymentPostprocessing = 0;
		};
/* End PBXResourcesBuildPhase section */

/* Begin PBXShellScriptBuildPhase section */
		A6A9C0495F454FF66DE57FC6 /* Copy Pods Resources */ = {
			isa = PBXShellScriptBuildPhase;
			buildActionMask = 2147483647;
			files = (
			);
			inputPaths = (
			);
			name = "Copy Pods Resources";
			outputPaths = (
			);
			runOnlyForDeploymentPostprocessing = 0;
			shellPath = /bin/sh;
			shellScript = "\"${SRCROOT}/Pods/Target Support Files/Pods-MisfitLinkSDK_Example/Pods-MisfitLinkSDK_Example-resources.sh\"\n";
			showEnvVarsInLog = 0;
		};
		EC0A2D58E32150EEFDD511E4 /* Check Pods Manifest.lock */ = {
			isa = PBXShellScriptBuildPhase;
			buildActionMask = 2147483647;
			files = (
			);
			inputPaths = (
			);
			name = "Check Pods Manifest.lock";
			outputPaths = (
			);
			runOnlyForDeploymentPostprocessing = 0;
			shellPath = /bin/sh;
			shellScript = "diff \"${PODS_ROOT}/../Podfile.lock\" \"${PODS_ROOT}/Manifest.lock\" > /dev/null\nif [[ $? != 0 ]] ; then\n    cat << EOM\nerror: The sandbox is not in sync with the Podfile.lock. Run 'pod install' or update your CocoaPods installation.\nEOM\n    exit 1\nfi\n";
			showEnvVarsInLog = 0;
		};
		EFDDF7554C3CB21CD6349CB2 /* Embed Pods Frameworks */ = {
			isa = PBXShellScriptBuildPhase;
			buildActionMask = 2147483647;
			files = (
			);
			inputPaths = (
			);
			name = "Embed Pods Frameworks";
			outputPaths = (
			);
			runOnlyForDeploymentPostprocessing = 0;
			shellPath = /bin/sh;
			shellScript = "\"${SRCROOT}/Pods/Target Support Files/Pods-MisfitLinkSDK_Example/Pods-MisfitLinkSDK_Example-frameworks.sh\"\n";
			showEnvVarsInLog = 0;
		};
/* End PBXShellScriptBuildPhase section */

/* Begin PBXSourcesBuildPhase section */
		6003F586195388D20070C39A /* Sources */ = {
			isa = PBXSourcesBuildPhase;
			buildActionMask = 2147483647;
			files = (
				DF76CF611C21625E001F173E /* GradientBackground.m in Sources */,
				DF76CF601C21625E001F173E /* AppDelegate.m in Sources */,
				DF76CF651C21625F001F173E /* MainViewController.m in Sources */,
				DF76CF661C21625F001F173E /* SettingsViewController.m in Sources */,
				6003F59A195388D20070C39A /* main.m in Sources */,
				DF76CF631C21625E001F173E /* LapTimer.m in Sources */,
			);
			runOnlyForDeploymentPostprocessing = 0;
		};
/* End PBXSourcesBuildPhase section */

/* Begin PBXVariantGroup section */
		6003F596195388D20070C39A /* InfoPlist.strings */ = {
			isa = PBXVariantGroup;
			children = (
				6003F597195388D20070C39A /* en */,
			);
			name = InfoPlist.strings;
			sourceTree = "<group>";
		};
		6003F5B8195388D20070C39A /* InfoPlist.strings */ = {
			isa = PBXVariantGroup;
			children = (
				6003F5B9195388D20070C39A /* en */,
			);
			name = InfoPlist.strings;
			sourceTree = "<group>";
		};
/* End PBXVariantGroup section */

/* Begin XCBuildConfiguration section */
		6003F5BD195388D20070C39A /* Debug */ = {
			isa = XCBuildConfiguration;
			buildSettings = {
				ALWAYS_SEARCH_USER_PATHS = NO;
				CLANG_CXX_LANGUAGE_STANDARD = "gnu++0x";
				CLANG_CXX_LIBRARY = "libc++";
				CLANG_ENABLE_MODULES = YES;
				CLANG_ENABLE_OBJC_ARC = YES;
				CLANG_WARN_BOOL_CONVERSION = YES;
				CLANG_WARN_CONSTANT_CONVERSION = YES;
				CLANG_WARN_DIRECT_OBJC_ISA_USAGE = YES_ERROR;
				CLANG_WARN_EMPTY_BODY = YES;
				CLANG_WARN_ENUM_CONVERSION = YES;
				CLANG_WARN_INT_CONVERSION = YES;
				CLANG_WARN_OBJC_ROOT_CLASS = YES_ERROR;
				CLANG_WARN__DUPLICATE_METHOD_MATCH = YES;
				"CODE_SIGN_IDENTITY[sdk=iphoneos*]" = "iPhone Developer";
				COPY_PHASE_STRIP = NO;
				ENABLE_TESTABILITY = YES;
				GCC_C_LANGUAGE_STANDARD = gnu99;
				GCC_DYNAMIC_NO_PIC = NO;
				GCC_OPTIMIZATION_LEVEL = 0;
				GCC_PREPROCESSOR_DEFINITIONS = (
					"DEBUG=1",
					"$(inherited)",
				);
				GCC_SYMBOLS_PRIVATE_EXTERN = NO;
				GCC_WARN_64_TO_32_BIT_CONVERSION = YES;
				GCC_WARN_ABOUT_RETURN_TYPE = YES_ERROR;
				GCC_WARN_UNDECLARED_SELECTOR = YES;
				GCC_WARN_UNINITIALIZED_AUTOS = YES_AGGRESSIVE;
				GCC_WARN_UNUSED_FUNCTION = YES;
				GCC_WARN_UNUSED_VARIABLE = YES;
				IPHONEOS_DEPLOYMENT_TARGET = 7.1;
				ONLY_ACTIVE_ARCH = YES;
				SDKROOT = iphoneos;
				TARGETED_DEVICE_FAMILY = "1,2";
			};
			name = Debug;
		};
		6003F5BE195388D20070C39A /* Release */ = {
			isa = XCBuildConfiguration;
			buildSettings = {
				ALWAYS_SEARCH_USER_PATHS = NO;
				CLANG_CXX_LANGUAGE_STANDARD = "gnu++0x";
				CLANG_CXX_LIBRARY = "libc++";
				CLANG_ENABLE_MODULES = YES;
				CLANG_ENABLE_OBJC_ARC = YES;
				CLANG_WARN_BOOL_CONVERSION = YES;
				CLANG_WARN_CONSTANT_CONVERSION = YES;
				CLANG_WARN_DIRECT_OBJC_ISA_USAGE = YES_ERROR;
				CLANG_WARN_EMPTY_BODY = YES;
				CLANG_WARN_ENUM_CONVERSION = YES;
				CLANG_WARN_INT_CONVERSION = YES;
				CLANG_WARN_OBJC_ROOT_CLASS = YES_ERROR;
				CLANG_WARN__DUPLICATE_METHOD_MATCH = YES;
				"CODE_SIGN_IDENTITY[sdk=iphoneos*]" = "iPhone Developer";
				COPY_PHASE_STRIP = YES;
				ENABLE_NS_ASSERTIONS = NO;
				GCC_C_LANGUAGE_STANDARD = gnu99;
				GCC_WARN_64_TO_32_BIT_CONVERSION = YES;
				GCC_WARN_ABOUT_RETURN_TYPE = YES_ERROR;
				GCC_WARN_UNDECLARED_SELECTOR = YES;
				GCC_WARN_UNINITIALIZED_AUTOS = YES_AGGRESSIVE;
				GCC_WARN_UNUSED_FUNCTION = YES;
				GCC_WARN_UNUSED_VARIABLE = YES;
				IPHONEOS_DEPLOYMENT_TARGET = 7.1;
				SDKROOT = iphoneos;
				TARGETED_DEVICE_FAMILY = "1,2";
				VALIDATE_PRODUCT = YES;
			};
			name = Release;
		};
		6003F5C0195388D20070C39A /* Debug */ = {
			isa = XCBuildConfiguration;
			baseConfigurationReference = 5C4A899BEFA183A10699AA89 /* Pods-MisfitLinkSDK_Example.debug.xcconfig */;
			buildSettings = {
				ASSETCATALOG_COMPILER_APPICON_NAME = AppIcon;
				ASSETCATALOG_COMPILER_LAUNCHIMAGE_NAME = LaunchImage;
				GCC_PRECOMPILE_PREFIX_HEADER = YES;
				GCC_PREFIX_HEADER = "MisfitLinkSDK/MisfitLinkSDK-Prefix.pch";
				INFOPLIST_FILE = "MisfitLinkSDK/MisfitLinkSDK-Info.plist";
				MODULE_NAME = ExampleApp;
				OTHER_LDFLAGS = (
					"-framework",
					"\"MisfitLinkSDK\"",
				);
				PRODUCT_BUNDLE_IDENTIFIER = "org.cocoapods.demo.${PRODUCT_NAME:rfc1034identifier}";
				PRODUCT_NAME = "$(TARGET_NAME)";
				WRAPPER_EXTENSION = app;
			};
			name = Debug;
		};
		6003F5C1195388D20070C39A /* Release */ = {
			isa = XCBuildConfiguration;
			baseConfigurationReference = 5B55654BBAF8F26EDD442912 /* Pods-MisfitLinkSDK_Example.release.xcconfig */;
			buildSettings = {
				ASSETCATALOG_COMPILER_APPICON_NAME = AppIcon;
				ASSETCATALOG_COMPILER_LAUNCHIMAGE_NAME = LaunchImage;
				GCC_PRECOMPILE_PREFIX_HEADER = YES;
				GCC_PREFIX_HEADER = "MisfitLinkSDK/MisfitLinkSDK-Prefix.pch";
				INFOPLIST_FILE = "MisfitLinkSDK/MisfitLinkSDK-Info.plist";
				MODULE_NAME = ExampleApp;
				OTHER_LDFLAGS = (
					"-framework",
					"\"MisfitLinkSDK\"",
				);
				PRODUCT_BUNDLE_IDENTIFIER = "org.cocoapods.demo.${PRODUCT_NAME:rfc1034identifier}";
				PRODUCT_NAME = "$(TARGET_NAME)";
				WRAPPER_EXTENSION = app;
			};
			name = Release;
		};
/* End XCBuildConfiguration section */

/* Begin XCConfigurationList section */
		6003F585195388D10070C39A /* Build configuration list for PBXProject "MisfitLinkSDK" */ = {
			isa = XCConfigurationList;
			buildConfigurations = (
				6003F5BD195388D20070C39A /* Debug */,
				6003F5BE195388D20070C39A /* Release */,
			);
			defaultConfigurationIsVisible = 0;
			defaultConfigurationName = Release;
		};
		6003F5BF195388D20070C39A /* Build configuration list for PBXNativeTarget "MisfitLinkSDK_Example" */ = {
			isa = XCConfigurationList;
			buildConfigurations = (
				6003F5C0195388D20070C39A /* Debug */,
				6003F5C1195388D20070C39A /* Release */,
			);
			defaultConfigurationIsVisible = 0;
			defaultConfigurationName = Release;
		};
/* End XCConfigurationList section */
	};
	rootObject = 6003F582195388D10070C39A /* Project object */;
}
